
Microsoft Visual Studio Solution File, Format Version 12.00
# Visual Studio 14
VisualStudioVersion = 14.0.25420.1
MinimumVisualStudioVersion = 10.0.40219.1
Project("{2150E333-8FDC-42A3-9474-1A3956D46DE8}") = "src", "src", "{A1290133-0F6E-430E-96D0-12EB38D0C599}"
EndProject
Project("{2150E333-8FDC-42A3-9474-1A3956D46DE8}") = "Solution Items", "Solution Items", "{7561F146-4A3C-4715-8262-1FAB4D89D627}"
	ProjectSection(SolutionItems) = preProject
		global.json = global.json
	EndProjectSection
EndProject
Project("{8BB2217D-0F2D-49D1-97BC-3654ED321F3B}") = "Angular2", "src\Angular2\Angular2.xproj", "{1DD4BCE0-3164-43DD-A91F-3596A2956FF1}"
EndProject
Global
	GlobalSection(SolutionConfigurationPlatforms) = preSolution
		Debug|Any CPU = Debug|Any CPU
		Release|Any CPU = Release|Any CPU
	EndGlobalSection
	GlobalSection(ProjectConfigurationPlatforms) = postSolution
		{1DD4BCE0-3164-43DD-A91F-3596A2956FF1}.Debug|Any CPU.ActiveCfg = Debug|Any CPU
		{1DD4BCE0-3164-43DD-A91F-3596A2956FF1}.Debug|Any CPU.Build.0 = Debug|Any CPU
		{1DD4BCE0-3164-43DD-A91F-3596A2956FF1}.Release|Any CPU.ActiveCfg = Release|Any CPU
		{1DD4BCE0-3164-43DD-A91F-3596A2956FF1}.Release|Any CPU.Build.0 = Release|Any CPU
	EndGlobalSection
	GlobalSection(SolutionProperties) = preSolution
		HideSolutionNode = FALSE
	EndGlobalSection
	GlobalSection(NestedProjects) = preSolution
		{1DD4BCE0-3164-43DD-A91F-3596A2956FF1} = {A1290133-0F6E-430E-96D0-12EB38D0C599}
	EndGlobalSection
EndGlobal
