
Microsoft Visual Studio Solution File, Format Version 12.00
# Visual Studio 14
VisualStudioVersion = 14.0.25420.1
MinimumVisualStudioVersion = 10.0.40219.1
Project("{FAE04EC0-301F-11D3-BF4B-00C04F79EFBC}") = "FizzBuzz", "FizzBuzz\FizzBuzz.csproj", "{9B6AFF4A-A2A7-4E40-A915-BC51C454C4DD}"
EndProject
Project("{FAE04EC0-301F-11D3-BF4B-00C04F79EFBC}") = "FizzBuzz.Library", "FizzBuzz.Library\FizzBuzz.Library.csproj", "{17489EC7-ACD1-4DCE-A69C-A8683C48B122}"
EndProject
Project("{FAE04EC0-301F-11D3-BF4B-00C04F79EFBC}") = "FizzBuzz.Library.Test", "FizzBuzz.Library.Test\FizzBuzz.Library.Test.csproj", "{B2A1DF71-8AEE-49FF-882A-51ABA8AD992C}"
EndProject
Global
	GlobalSection(SolutionConfigurationPlatforms) = preSolution
		Debug|Any CPU = Debug|Any CPU
		Release|Any CPU = Release|Any CPU
	EndGlobalSection
	GlobalSection(ProjectConfigurationPlatforms) = postSolution
		{9B6AFF4A-A2A7-4E40-A915-BC51C454C4DD}.Debug|Any CPU.ActiveCfg = Debug|Any CPU
		{9B6AFF4A-A2A7-4E40-A915-BC51C454C4DD}.Debug|Any CPU.Build.0 = Debug|Any CPU
		{9B6AFF4A-A2A7-4E40-A915-BC51C454C4DD}.Release|Any CPU.ActiveCfg = Release|Any CPU
		{9B6AFF4A-A2A7-4E40-A915-BC51C454C4DD}.Release|Any CPU.Build.0 = Release|Any CPU
		{17489EC7-ACD1-4DCE-A69C-A8683C48B122}.Debug|Any CPU.ActiveCfg = Debug|Any CPU
		{17489EC7-ACD1-4DCE-A69C-A8683C48B122}.Debug|Any CPU.Build.0 = Debug|Any CPU
		{17489EC7-ACD1-4DCE-A69C-A8683C48B122}.Release|Any CPU.ActiveCfg = Release|Any CPU
		{17489EC7-ACD1-4DCE-A69C-A8683C48B122}.Release|Any CPU.Build.0 = Release|Any CPU
		{B2A1DF71-8AEE-49FF-882A-51ABA8AD992C}.Debug|Any CPU.ActiveCfg = Debug|Any CPU
		{B2A1DF71-8AEE-49FF-882A-51ABA8AD992C}.Debug|Any CPU.Build.0 = Debug|Any CPU
		{B2A1DF71-8AEE-49FF-882A-51ABA8AD992C}.Release|Any CPU.ActiveCfg = Release|Any CPU
		{B2A1DF71-8AEE-49FF-882A-51ABA8AD992C}.Release|Any CPU.Build.0 = Release|Any CPU
	EndGlobalSection
	GlobalSection(SolutionProperties) = preSolution
		HideSolutionNode = FALSE
	EndGlobalSection
EndGlobal
